
Microsoft Visual Studio Solution File, Format Version 12.00
# Visual Studio 15
VisualStudioVersion = 15.0.26124.0
MinimumVisualStudioVersion = 15.0.26124.0
Project("{2150E333-8FDC-42A3-9474-1A3956D46DE8}") = "src", "src", "{EAA287D1-1C09-492E-A8D6-6957F1249091}"
EndProject
Project("{FAE04EC0-301F-11D3-BF4B-00C04F79EFBC}") = "Julius2GrowTest.Application", "src\Julius2GrowTest.Application\Julius2GrowTest.Application.csproj", "{7CE76D4C-500D-47F4-9E01-30BB329BC9DC}"
EndProject
Project("{FAE04EC0-301F-11D3-BF4B-00C04F79EFBC}") = "Julius2GrowTest.Domain", "src\Julius2GrowTest.Domain\Julius2GrowTest.Domain.csproj", "{BE8C4B59-3828-46C7-8BFC-6165CA76AC64}"
EndProject
Project("{FAE04EC0-301F-11D3-BF4B-00C04F79EFBC}") = "Julius2GrowTest.Infrastructure", "src\Julius2GrowTest.Infrastructure\Julius2GrowTest.Infrastructure.csproj", "{47D11065-9DFE-4E24-BC21-14A0762C6B1D}"
EndProject
Project("{FAE04EC0-301F-11D3-BF4B-00C04F79EFBC}") = "Julius2GrowTest.WebApi", "src\Julius2GrowTest.WebApi\Julius2GrowTest.WebApi.csproj", "{486F3670-55ED-42CF-9EAD-BD6D91ED6301}"
EndProject
Global
	GlobalSection(SolutionConfigurationPlatforms) = preSolution
		Debug|Any CPU = Debug|Any CPU
		Debug|x64 = Debug|x64
		Debug|x86 = Debug|x86
		Release|Any CPU = Release|Any CPU
		Release|x64 = Release|x64
		Release|x86 = Release|x86
	EndGlobalSection
	GlobalSection(SolutionProperties) = preSolution
		HideSolutionNode = FALSE
	EndGlobalSection
	GlobalSection(ProjectConfigurationPlatforms) = postSolution
		{7CE76D4C-500D-47F4-9E01-30BB329BC9DC}.Debug|Any CPU.ActiveCfg = Debug|Any CPU
		{7CE76D4C-500D-47F4-9E01-30BB329BC9DC}.Debug|Any CPU.Build.0 = Debug|Any CPU
		{7CE76D4C-500D-47F4-9E01-30BB329BC9DC}.Debug|x64.ActiveCfg = Debug|Any CPU
		{7CE76D4C-500D-47F4-9E01-30BB329BC9DC}.Debug|x64.Build.0 = Debug|Any CPU
		{7CE76D4C-500D-47F4-9E01-30BB329BC9DC}.Debug|x86.ActiveCfg = Debug|Any CPU
		{7CE76D4C-500D-47F4-9E01-30BB329BC9DC}.Debug|x86.Build.0 = Debug|Any CPU
		{7CE76D4C-500D-47F4-9E01-30BB329BC9DC}.Release|Any CPU.ActiveCfg = Release|Any CPU
		{7CE76D4C-500D-47F4-9E01-30BB329BC9DC}.Release|Any CPU.Build.0 = Release|Any CPU
		{7CE76D4C-500D-47F4-9E01-30BB329BC9DC}.Release|x64.ActiveCfg = Release|Any CPU
		{7CE76D4C-500D-47F4-9E01-30BB329BC9DC}.Release|x64.Build.0 = Release|Any CPU
		{7CE76D4C-500D-47F4-9E01-30BB329BC9DC}.Release|x86.ActiveCfg = Release|Any CPU
		{7CE76D4C-500D-47F4-9E01-30BB329BC9DC}.Release|x86.Build.0 = Release|Any CPU
		{BE8C4B59-3828-46C7-8BFC-6165CA76AC64}.Debug|Any CPU.ActiveCfg = Debug|Any CPU
		{BE8C4B59-3828-46C7-8BFC-6165CA76AC64}.Debug|Any CPU.Build.0 = Debug|Any CPU
		{BE8C4B59-3828-46C7-8BFC-6165CA76AC64}.Debug|x64.ActiveCfg = Debug|Any CPU
		{BE8C4B59-3828-46C7-8BFC-6165CA76AC64}.Debug|x64.Build.0 = Debug|Any CPU
		{BE8C4B59-3828-46C7-8BFC-6165CA76AC64}.Debug|x86.ActiveCfg = Debug|Any CPU
		{BE8C4B59-3828-46C7-8BFC-6165CA76AC64}.Debug|x86.Build.0 = Debug|Any CPU
		{BE8C4B59-3828-46C7-8BFC-6165CA76AC64}.Release|Any CPU.ActiveCfg = Release|Any CPU
		{BE8C4B59-3828-46C7-8BFC-6165CA76AC64}.Release|Any CPU.Build.0 = Release|Any CPU
		{BE8C4B59-3828-46C7-8BFC-6165CA76AC64}.Release|x64.ActiveCfg = Release|Any CPU
		{BE8C4B59-3828-46C7-8BFC-6165CA76AC64}.Release|x64.Build.0 = Release|Any CPU
		{BE8C4B59-3828-46C7-8BFC-6165CA76AC64}.Release|x86.ActiveCfg = Release|Any CPU
		{BE8C4B59-3828-46C7-8BFC-6165CA76AC64}.Release|x86.Build.0 = Release|Any CPU
		{47D11065-9DFE-4E24-BC21-14A0762C6B1D}.Debug|Any CPU.ActiveCfg = Debug|Any CPU
		{47D11065-9DFE-4E24-BC21-14A0762C6B1D}.Debug|Any CPU.Build.0 = Debug|Any CPU
		{47D11065-9DFE-4E24-BC21-14A0762C6B1D}.Debug|x64.ActiveCfg = Debug|Any CPU
		{47D11065-9DFE-4E24-BC21-14A0762C6B1D}.Debug|x64.Build.0 = Debug|Any CPU
		{47D11065-9DFE-4E24-BC21-14A0762C6B1D}.Debug|x86.ActiveCfg = Debug|Any CPU
		{47D11065-9DFE-4E24-BC21-14A0762C6B1D}.Debug|x86.Build.0 = Debug|Any CPU
		{47D11065-9DFE-4E24-BC21-14A0762C6B1D}.Release|Any CPU.ActiveCfg = Release|Any CPU
		{47D11065-9DFE-4E24-BC21-14A0762C6B1D}.Release|Any CPU.Build.0 = Release|Any CPU
		{47D11065-9DFE-4E24-BC21-14A0762C6B1D}.Release|x64.ActiveCfg = Release|Any CPU
		{47D11065-9DFE-4E24-BC21-14A0762C6B1D}.Release|x64.Build.0 = Release|Any CPU
		{47D11065-9DFE-4E24-BC21-14A0762C6B1D}.Release|x86.ActiveCfg = Release|Any CPU
		{47D11065-9DFE-4E24-BC21-14A0762C6B1D}.Release|x86.Build.0 = Release|Any CPU
		{486F3670-55ED-42CF-9EAD-BD6D91ED6301}.Debug|Any CPU.ActiveCfg = Debug|Any CPU
		{486F3670-55ED-42CF-9EAD-BD6D91ED6301}.Debug|Any CPU.Build.0 = Debug|Any CPU
		{486F3670-55ED-42CF-9EAD-BD6D91ED6301}.Debug|x64.ActiveCfg = Debug|Any CPU
		{486F3670-55ED-42CF-9EAD-BD6D91ED6301}.Debug|x64.Build.0 = Debug|Any CPU
		{486F3670-55ED-42CF-9EAD-BD6D91ED6301}.Debug|x86.ActiveCfg = Debug|Any CPU
		{486F3670-55ED-42CF-9EAD-BD6D91ED6301}.Debug|x86.Build.0 = Debug|Any CPU
		{486F3670-55ED-42CF-9EAD-BD6D91ED6301}.Release|Any CPU.ActiveCfg = Release|Any CPU
		{486F3670-55ED-42CF-9EAD-BD6D91ED6301}.Release|Any CPU.Build.0 = Release|Any CPU
		{486F3670-55ED-42CF-9EAD-BD6D91ED6301}.Release|x64.ActiveCfg = Release|Any CPU
		{486F3670-55ED-42CF-9EAD-BD6D91ED6301}.Release|x64.Build.0 = Release|Any CPU
		{486F3670-55ED-42CF-9EAD-BD6D91ED6301}.Release|x86.ActiveCfg = Release|Any CPU
		{486F3670-55ED-42CF-9EAD-BD6D91ED6301}.Release|x86.Build.0 = Release|Any CPU
	EndGlobalSection
	GlobalSection(NestedProjects) = preSolution
		{7CE76D4C-500D-47F4-9E01-30BB329BC9DC} = {EAA287D1-1C09-492E-A8D6-6957F1249091}
		{BE8C4B59-3828-46C7-8BFC-6165CA76AC64} = {EAA287D1-1C09-492E-A8D6-6957F1249091}
		{47D11065-9DFE-4E24-BC21-14A0762C6B1D} = {EAA287D1-1C09-492E-A8D6-6957F1249091}
		{486F3670-55ED-42CF-9EAD-BD6D91ED6301} = {EAA287D1-1C09-492E-A8D6-6957F1249091}
	EndGlobalSection
EndGlobal
